// !$*UTF8*$!
{
	archiveVersion = 1;
	classes = {
	};
	objectVersion = 77;
	objects = {

/* Begin PBXBuildFile section */
		C920A0860B6635B7F58D0CB1 /* Pods_MultipleModule.framework in Frameworks */ = {isa = PBXBuildFile; fileRef = 022EBBD4247C4CD707116021 /* Pods_MultipleModule.framework */; };
/* End PBXBuildFile section */

/* Begin PBXContainerItemProxy section */
		A05164DF2D6C146A003515FB /* PBXContainerItemProxy */ = {
			isa = PBXContainerItemProxy;
			containerPortal = A0D3EFB82D5B93750043F8D9 /* Project object */;
			proxyType = 1;
			remoteGlobalIDString = A0D3EFBF2D5B93750043F8D9;
			remoteInfo = MultipleModule;
		};
		A05164EC2D6C14F1003515FB /* PBXContainerItemProxy */ = {
			isa = PBXContainerItemProxy;
			containerPortal = A0D3EFB82D5B93750043F8D9 /* Project object */;
			proxyType = 1;
			remoteGlobalIDString = A0D3EFBF2D5B93750043F8D9;
			remoteInfo = MultipleModule;
		};
/* End PBXContainerItemProxy section */

/* Begin PBXFileReference section */
		022EBBD4247C4CD707116021 /* Pods_MultipleModule.framework */ = {isa = PBXFileReference; explicitFileType = wrapper.framework; includeInIndex = 0; path = Pods_MultipleModule.framework; sourceTree = BUILT_PRODUCTS_DIR; };
		0B89BD9750566DFF53EBE9DE /* Pods-MultipleModule.release.xcconfig */ = {isa = PBXFileReference; includeInIndex = 1; lastKnownFileType = text.xcconfig; name = "Pods-MultipleModule.release.xcconfig"; path = "Target Support Files/Pods-MultipleModule/Pods-MultipleModule.release.xcconfig"; sourceTree = "<group>"; };
		9777273F56400C6AAC266B8E /* Pods-MultipleModule.debug.xcconfig */ = {isa = PBXFileReference; includeInIndex = 1; lastKnownFileType = text.xcconfig; name = "Pods-MultipleModule.debug.xcconfig"; path = "Target Support Files/Pods-MultipleModule/Pods-MultipleModule.debug.xcconfig"; sourceTree = "<group>"; };
		A05164DB2D6C146A003515FB /* MultipleModuleTests.xctest */ = {isa = PBXFileReference; explicitFileType = wrapper.cfbundle; includeInIndex = 0; path = MultipleModuleTests.xctest; sourceTree = BUILT_PRODUCTS_DIR; };
		A05164E82D6C14F1003515FB /* MultipleModuleXCTests.xctest */ = {isa = PBXFileReference; explicitFileType = wrapper.cfbundle; includeInIndex = 0; path = MultipleModuleXCTests.xctest; sourceTree = BUILT_PRODUCTS_DIR; };
		A0D3EFC02D5B93750043F8D9 /* MultipleModule.app */ = {isa = PBXFileReference; explicitFileType = wrapper.application; includeInIndex = 0; path = MultipleModule.app; sourceTree = BUILT_PRODUCTS_DIR; };
/* End PBXFileReference section */

/* Begin PBXFileSystemSynchronizedBuildFileExceptionSet section */
		A0D3F3422D5BA4220043F8D9 /* Exceptions for "MultipleModule" folder in "MultipleModule" target */ = {
			isa = PBXFileSystemSynchronizedBuildFileExceptionSet;
			membershipExceptions = (
				MainFiles/Info.plist,
			);
			target = A0D3EFBF2D5B93750043F8D9 /* MultipleModule */;
		};
/* End PBXFileSystemSynchronizedBuildFileExceptionSet section */

/* Begin PBXFileSystemSynchronizedRootGroup section */
		A05164E92D6C14F1003515FB /* MultipleModuleXCTests */ = {
			isa = PBXFileSystemSynchronizedRootGroup;
			path = MultipleModuleXCTests;
			sourceTree = "<group>";
		};
		A0D3EFC22D5B93750043F8D9 /* MultipleModule */ = {
			isa = PBXFileSystemSynchronizedRootGroup;
			exceptions = (
				A0D3F3422D5BA4220043F8D9 /* Exceptions for "MultipleModule" folder in "MultipleModule" target */,
			);
			path = MultipleModule;
			sourceTree = "<group>";
		};
/* End PBXFileSystemSynchronizedRootGroup section */

/* Begin PBXFrameworksBuildPhase section */
		A05164D82D6C146A003515FB /* Frameworks */ = {
			isa = PBXFrameworksBuildPhase;
			buildActionMask = 2147483647;
			files = (
			);
			runOnlyForDeploymentPostprocessing = 0;
		};
		A05164E52D6C14F1003515FB /* Frameworks */ = {
			isa = PBXFrameworksBuildPhase;
			buildActionMask = 2147483647;
			files = (
			);
			runOnlyForDeploymentPostprocessing = 0;
		};
		A0D3EFBD2D5B93750043F8D9 /* Frameworks */ = {
			isa = PBXFrameworksBuildPhase;
			buildActionMask = 2147483647;
			files = (
				C920A0860B6635B7F58D0CB1 /* Pods_MultipleModule.framework in Frameworks */,
			);
			runOnlyForDeploymentPostprocessing = 0;
		};
/* End PBXFrameworksBuildPhase section */

/* Begin PBXGroup section */
		09FF1F0D260C44E58311E867 /* Frameworks */ = {
			isa = PBXGroup;
			children = (
				022EBBD4247C4CD707116021 /* Pods_MultipleModule.framework */,
			);
			name = Frameworks;
			sourceTree = "<group>";
		};
		A0D3EFB72D5B93750043F8D9 = {
			isa = PBXGroup;
			children = (
				A0D3EFC22D5B93750043F8D9 /* MultipleModule */,
				A05164E92D6C14F1003515FB /* MultipleModuleXCTests */,
				F054B9C21A8A9B32A98448FE /* Pods */,
				A0D3EFC12D5B93750043F8D9 /* Products */,
				09FF1F0D260C44E58311E867 /* Frameworks */,
			);
			sourceTree = "<group>";
		};
		A0D3EFC12D5B93750043F8D9 /* Products */ = {
			isa = PBXGroup;
			children = (
				A0D3EFC02D5B93750043F8D9 /* MultipleModule.app */,
				A05164DB2D6C146A003515FB /* MultipleModuleTests.xctest */,
				A05164E82D6C14F1003515FB /* MultipleModuleXCTests.xctest */,
			);
			name = Products;
			sourceTree = "<group>";
		};
		F054B9C21A8A9B32A98448FE /* Pods */ = {
			isa = PBXGroup;
			children = (
				9777273F56400C6AAC266B8E /* Pods-MultipleModule.debug.xcconfig */,
				0B89BD9750566DFF53EBE9DE /* Pods-MultipleModule.release.xcconfig */,
			);
			path = Pods;
			sourceTree = "<group>";
		};
/* End PBXGroup section */

/* Begin PBXNativeTarget section */
		A05164DA2D6C146A003515FB /* MultipleModuleTests */ = {
			isa = PBXNativeTarget;
			buildConfigurationList = A05164E12D6C146B003515FB /* Build configuration list for PBXNativeTarget "MultipleModuleTests" */;
			buildPhases = (
				A05164D72D6C146A003515FB /* Sources */,
				A05164D82D6C146A003515FB /* Frameworks */,
				A05164D92D6C146A003515FB /* Resources */,
			);
			buildRules = (
			);
			dependencies = (
				A05164E02D6C146A003515FB /* PBXTargetDependency */,
			);
			name = MultipleModuleTests;
			productName = MultipleModuleTests;
			productReference = A05164DB2D6C146A003515FB /* MultipleModuleTests.xctest */;
			productType = "com.apple.product-type.bundle.unit-test";
		};
		A05164E72D6C14F1003515FB /* MultipleModuleXCTests */ = {
			isa = PBXNativeTarget;
			buildConfigurationList = A05164EE2D6C14F1003515FB /* Build configuration list for PBXNativeTarget "MultipleModuleXCTests" */;
			buildPhases = (
				A05164E42D6C14F1003515FB /* Sources */,
				A05164E52D6C14F1003515FB /* Frameworks */,
				A05164E62D6C14F1003515FB /* Resources */,
			);
			buildRules = (
			);
			dependencies = (
				A05164ED2D6C14F1003515FB /* PBXTargetDependency */,
			);
			fileSystemSynchronizedGroups = (
				A05164E92D6C14F1003515FB /* MultipleModuleXCTests */,
			);
			name = MultipleModuleXCTests;
			productName = MultipleModuleXCTests;
			productReference = A05164E82D6C14F1003515FB /* MultipleModuleXCTests.xctest */;
			productType = "com.apple.product-type.bundle.unit-test";
		};
		A0D3EFBF2D5B93750043F8D9 /* MultipleModule */ = {
			isa = PBXNativeTarget;
			buildConfigurationList = A0D3EFD32D5B93770043F8D9 /* Build configuration list for PBXNativeTarget "MultipleModule" */;
			buildPhases = (
				BD6D6FE8E5E3963C88E9D7D5 /* [CP] Check Pods Manifest.lock */,
				A0D3EFBC2D5B93750043F8D9 /* Sources */,
				A0D3EFBD2D5B93750043F8D9 /* Frameworks */,
				A0D3EFBE2D5B93750043F8D9 /* Resources */,
				21293B5D33D7542CAAB3553D /* [CP] Embed Pods Frameworks */,
				A031632D2D5CD38F009A0D10 /* ShellScript */,
			);
			buildRules = (
			);
			dependencies = (
			);
			fileSystemSynchronizedGroups = (
				A0D3EFC22D5B93750043F8D9 /* MultipleModule */,
			);
			name = MultipleModule;
			productName = MultipleModule;
			productReference = A0D3EFC02D5B93750043F8D9 /* MultipleModule.app */;
			productType = "com.apple.product-type.application";
		};
/* End PBXNativeTarget section */

/* Begin PBXProject section */
		A0D3EFB82D5B93750043F8D9 /* Project object */ = {
			isa = PBXProject;
			attributes = {
				BuildIndependentTargetsInParallel = 1;
				LastSwiftUpdateCheck = 1620;
				LastUpgradeCheck = 1620;
				TargetAttributes = {
					A05164DA2D6C146A003515FB = {
						CreatedOnToolsVersion = 16.2;
						LastSwiftMigration = 1620;
						TestTargetID = A0D3EFBF2D5B93750043F8D9;
					};
					A05164E72D6C14F1003515FB = {
						CreatedOnToolsVersion = 16.2;
						TestTargetID = A0D3EFBF2D5B93750043F8D9;
					};
					A0D3EFBF2D5B93750043F8D9 = {
						CreatedOnToolsVersion = 16.2;
					};
				};
			};
			buildConfigurationList = A0D3EFBB2D5B93750043F8D9 /* Build configuration list for PBXProject "MultipleModule" */;
			developmentRegion = en;
			hasScannedForEncodings = 0;
			knownRegions = (
				en,
				Base,
			);
			mainGroup = A0D3EFB72D5B93750043F8D9;
			minimizedProjectReferenceProxies = 1;
			preferredProjectObjectVersion = 77;
			productRefGroup = A0D3EFC12D5B93750043F8D9 /* Products */;
			projectDirPath = "";
			projectRoot = "";
			targets = (
				A0D3EFBF2D5B93750043F8D9 /* MultipleModule */,
				A05164DA2D6C146A003515FB /* MultipleModuleTests */,
				A05164E72D6C14F1003515FB /* MultipleModuleXCTests */,
			);
		};
/* End PBXProject section */

/* Begin PBXResourcesBuildPhase section */
		A05164D92D6C146A003515FB /* Resources */ = {
			isa = PBXResourcesBuildPhase;
			buildActionMask = 2147483647;
			files = (
			);
			runOnlyForDeploymentPostprocessing = 0;
		};
		A05164E62D6C14F1003515FB /* Resources */ = {
			isa = PBXResourcesBuildPhase;
			buildActionMask = 2147483647;
			files = (
			);
			runOnlyForDeploymentPostprocessing = 0;
		};
		A0D3EFBE2D5B93750043F8D9 /* Resources */ = {
			isa = PBXResourcesBuildPhase;
			buildActionMask = 2147483647;
			files = (
			);
			runOnlyForDeploymentPostprocessing = 0;
		};
/* End PBXResourcesBuildPhase section */

/* Begin PBXShellScriptBuildPhase section */
		21293B5D33D7542CAAB3553D /* [CP] Embed Pods Frameworks */ = {
			isa = PBXShellScriptBuildPhase;
			buildActionMask = 2147483647;
			files = (
			);
			inputFileListPaths = (
				"${PODS_ROOT}/Target Support Files/Pods-MultipleModule/Pods-MultipleModule-frameworks-${CONFIGURATION}-input-files.xcfilelist",
			);
			name = "[CP] Embed Pods Frameworks";
			outputFileListPaths = (
				"${PODS_ROOT}/Target Support Files/Pods-MultipleModule/Pods-MultipleModule-frameworks-${CONFIGURATION}-output-files.xcfilelist",
			);
			runOnlyForDeploymentPostprocessing = 0;
			shellPath = /bin/sh;
			shellScript = "\"${PODS_ROOT}/Target Support Files/Pods-MultipleModule/Pods-MultipleModule-frameworks.sh\"\n";
			showEnvVarsInLog = 0;
		};
		A031632D2D5CD38F009A0D10 /* ShellScript */ = {
			isa = PBXShellScriptBuildPhase;
			buildActionMask = 2147483647;
			files = (
			);
			inputFileListPaths = (
			);
			inputPaths = (
			);
			outputFileListPaths = (
			);
			outputPaths = (
			);
			runOnlyForDeploymentPostprocessing = 0;
			shellPath = /bin/sh;
			shellScript = "# Type a script or drag a script file from your workspace to insert its path.\nif which swiftlint >/dev/null; then\n  swiftlint --fix\nelse\n  echo \"warning: SwiftLint not installed, download from https://github.com/realm/SwiftLint\"\nfi\n";
		};
		BD6D6FE8E5E3963C88E9D7D5 /* [CP] Check Pods Manifest.lock */ = {
			isa = PBXShellScriptBuildPhase;
			buildActionMask = 2147483647;
			files = (
			);
			inputFileListPaths = (
			);
			inputPaths = (
				"${PODS_PODFILE_DIR_PATH}/Podfile.lock",
				"${PODS_ROOT}/Manifest.lock",
			);
			name = "[CP] Check Pods Manifest.lock";
			outputFileListPaths = (
			);
			outputPaths = (
				"$(DERIVED_FILE_DIR)/Pods-MultipleModule-checkManifestLockResult.txt",
			);
			runOnlyForDeploymentPostprocessing = 0;
			shellPath = /bin/sh;
			shellScript = "diff \"${PODS_PODFILE_DIR_PATH}/Podfile.lock\" \"${PODS_ROOT}/Manifest.lock\" > /dev/null\nif [ $? != 0 ] ; then\n    # print error to STDERR\n    echo \"error: The sandbox is not in sync with the Podfile.lock. Run 'pod install' or update your CocoaPods installation.\" >&2\n    exit 1\nfi\n# This output is used by Xcode 'outputs' to avoid re-running this script phase.\necho \"SUCCESS\" > \"${SCRIPT_OUTPUT_FILE_0}\"\n";
			showEnvVarsInLog = 0;
		};
/* End PBXShellScriptBuildPhase section */

/* Begin PBXSourcesBuildPhase section */
		A05164D72D6C146A003515FB /* Sources */ = {
			isa = PBXSourcesBuildPhase;
			buildActionMask = 2147483647;
			files = (
			);
			runOnlyForDeploymentPostprocessing = 0;
		};
		A05164E42D6C14F1003515FB /* Sources */ = {
			isa = PBXSourcesBuildPhase;
			buildActionMask = 2147483647;
			files = (
			);
			runOnlyForDeploymentPostprocessing = 0;
		};
		A0D3EFBC2D5B93750043F8D9 /* Sources */ = {
			isa = PBXSourcesBuildPhase;
			buildActionMask = 2147483647;
			files = (
			);
			runOnlyForDeploymentPostprocessing = 0;
		};
/* End PBXSourcesBuildPhase section */

/* Begin PBXTargetDependency section */
		A05164E02D6C146A003515FB /* PBXTargetDependency */ = {
			isa = PBXTargetDependency;
			target = A0D3EFBF2D5B93750043F8D9 /* MultipleModule */;
			targetProxy = A05164DF2D6C146A003515FB /* PBXContainerItemProxy */;
		};
		A05164ED2D6C14F1003515FB /* PBXTargetDependency */ = {
			isa = PBXTargetDependency;
			target = A0D3EFBF2D5B93750043F8D9 /* MultipleModule */;
			targetProxy = A05164EC2D6C14F1003515FB /* PBXContainerItemProxy */;
		};
/* End PBXTargetDependency section */

/* Begin XCBuildConfiguration section */
		A05164E22D6C146B003515FB /* Debug */ = {
			isa = XCBuildConfiguration;
			buildSettings = {
				BUNDLE_LOADER = "$(TEST_HOST)";
				CLANG_ENABLE_MODULES = YES;
				CODE_SIGN_STYLE = Automatic;
				CURRENT_PROJECT_VERSION = 1;
				DEVELOPMENT_TEAM = 3WM3Z6QX39;
				GENERATE_INFOPLIST_FILE = YES;
				MARKETING_VERSION = 1.0;
				PRODUCT_BUNDLE_IDENTIFIER = com.MultipleModuleTests;
				PRODUCT_NAME = "$(TARGET_NAME)";
				SWIFT_EMIT_LOC_STRINGS = NO;
				SWIFT_OBJC_BRIDGING_HEADER = "MultipleModuleTests-Bridging-Header.h";
				SWIFT_OPTIMIZATION_LEVEL = "-Onone";
				SWIFT_VERSION = 5.0;
				TARGETED_DEVICE_FAMILY = "1,2";
				TEST_HOST = "$(BUILT_PRODUCTS_DIR)/MultipleModule.app/$(BUNDLE_EXECUTABLE_FOLDER_PATH)/MultipleModule";
			};
			name = Debug;
		};
		A05164E32D6C146B003515FB /* Release */ = {
			isa = XCBuildConfiguration;
			buildSettings = {
				BUNDLE_LOADER = "$(TEST_HOST)";
				CLANG_ENABLE_MODULES = YES;
				CODE_SIGN_STYLE = Automatic;
				CURRENT_PROJECT_VERSION = 1;
				DEVELOPMENT_TEAM = 3WM3Z6QX39;
				GENERATE_INFOPLIST_FILE = YES;
				MARKETING_VERSION = 1.0;
				PRODUCT_BUNDLE_IDENTIFIER = com.MultipleModuleTests;
				PRODUCT_NAME = "$(TARGET_NAME)";
				SWIFT_EMIT_LOC_STRINGS = NO;
				SWIFT_OBJC_BRIDGING_HEADER = "MultipleModuleTests-Bridging-Header.h";
				SWIFT_VERSION = 5.0;
				TARGETED_DEVICE_FAMILY = "1,2";
				TEST_HOST = "$(BUILT_PRODUCTS_DIR)/MultipleModule.app/$(BUNDLE_EXECUTABLE_FOLDER_PATH)/MultipleModule";
			};
			name = Release;
		};
		A05164EF2D6C14F1003515FB /* Debug */ = {
			isa = XCBuildConfiguration;
			buildSettings = {
				BUNDLE_LOADER = "$(TEST_HOST)";
				CODE_SIGN_STYLE = Automatic;
				CURRENT_PROJECT_VERSION = 1;
				DEVELOPMENT_TEAM = 3WM3Z6QX39;
				GENERATE_INFOPLIST_FILE = YES;
				MARKETING_VERSION = 1.0;
				PRODUCT_BUNDLE_IDENTIFIER = com.MultipleModuleXCTests;
				PRODUCT_NAME = "$(TARGET_NAME)";
				SWIFT_EMIT_LOC_STRINGS = NO;
				SWIFT_VERSION = 5.0;
				TARGETED_DEVICE_FAMILY = "1,2";
				TEST_HOST = "$(BUILT_PRODUCTS_DIR)/MultipleModule.app/$(BUNDLE_EXECUTABLE_FOLDER_PATH)/MultipleModule";
			};
			name = Debug;
		};
		A05164F02D6C14F1003515FB /* Release */ = {
			isa = XCBuildConfiguration;
			buildSettings = {
				BUNDLE_LOADER = "$(TEST_HOST)";
				CODE_SIGN_STYLE = Automatic;
				CURRENT_PROJECT_VERSION = 1;
				DEVELOPMENT_TEAM = 3WM3Z6QX39;
				GENERATE_INFOPLIST_FILE = YES;
				MARKETING_VERSION = 1.0;
				PRODUCT_BUNDLE_IDENTIFIER = com.MultipleModuleXCTests;
				PRODUCT_NAME = "$(TARGET_NAME)";
				SWIFT_EMIT_LOC_STRINGS = NO;
				SWIFT_VERSION = 5.0;
				TARGETED_DEVICE_FAMILY = "1,2";
				TEST_HOST = "$(BUILT_PRODUCTS_DIR)/MultipleModule.app/$(BUNDLE_EXECUTABLE_FOLDER_PATH)/MultipleModule";
			};
			name = Release;
		};
		A0D3EFD42D5B93770043F8D9 /* Debug */ = {
			isa = XCBuildConfiguration;
			baseConfigurationReference = 9777273F56400C6AAC266B8E /* Pods-MultipleModule.debug.xcconfig */;
			buildSettings = {
				ASSETCATALOG_COMPILER_APPICON_NAME = AppIcon;
				ASSETCATALOG_COMPILER_GLOBAL_ACCENT_COLOR_NAME = AccentColor;
				CODE_SIGN_STYLE = Automatic;
				CURRENT_PROJECT_VERSION = 1;
				DEVELOPMENT_TEAM = 3WM3Z6QX39;
				ENABLE_USER_SCRIPT_SANDBOXING = NO;
				GENERATE_INFOPLIST_FILE = YES;
				INFOPLIST_FILE = "${SRCROOT}/MultipleModule/MainFiles/Info.plist";
				INFOPLIST_KEY_UIApplicationSupportsIndirectInputEvents = YES;
				INFOPLIST_KEY_UILaunchStoryboardName = LaunchScreen;
				INFOPLIST_KEY_UISupportedInterfaceOrientations_iPad = "UIInterfaceOrientationPortrait UIInterfaceOrientationPortraitUpsideDown UIInterfaceOrientationLandscapeLeft UIInterfaceOrientationLandscapeRight";
				INFOPLIST_KEY_UISupportedInterfaceOrientations_iPhone = "UIInterfaceOrientationPortrait UIInterfaceOrientationLandscapeLeft UIInterfaceOrientationLandscapeRight";
				IPHONEOS_DEPLOYMENT_TARGET = 12.0;
				LD_RUNPATH_SEARCH_PATHS = (
					"$(inherited)",
					"@executable_path/Frameworks",
				);
				MARKETING_VERSION = 1.0;
				PRODUCT_BUNDLE_IDENTIFIER = com.MultipleModule;
				PRODUCT_NAME = "$(TARGET_NAME)";
				SWIFT_EMIT_LOC_STRINGS = YES;
				SWIFT_VERSION = 5.0;
				TARGETED_DEVICE_FAMILY = "1,2";
			};
			name = Debug;
		};
		A0D3EFD52D5B93770043F8D9 /* Release */ = {
			isa = XCBuildConfiguration;
			baseConfigurationReference = 0B89BD9750566DFF53EBE9DE /* Pods-MultipleModule.release.xcconfig */;
			buildSettings = {
				ASSETCATALOG_COMPILER_APPICON_NAME = AppIcon;
				ASSETCATALOG_COMPILER_GLOBAL_ACCENT_COLOR_NAME = AccentColor;
				CODE_SIGN_STYLE = Automatic;
				CURRENT_PROJECT_VERSION = 1;
				DEVELOPMENT_TEAM = 3WM3Z6QX39;
				ENABLE_USER_SCRIPT_SANDBOXING = NO;
				GENERATE_INFOPLIST_FILE = YES;
				INFOPLIST_FILE = "${SRCROOT}/MultipleModule/MainFiles/Info.plist";
				INFOPLIST_KEY_UIApplicationSupportsIndirectInputEvents = YES;
				INFOPLIST_KEY_UILaunchStoryboardName = LaunchScreen;
				INFOPLIST_KEY_UISupportedInterfaceOrientations_iPad = "UIInterfaceOrientationPortrait UIInterfaceOrientationPortraitUpsideDown UIInterfaceOrientationLandscapeLeft UIInterfaceOrientationLandscapeRight";
				INFOPLIST_KEY_UISupportedInterfaceOrientations_iPhone = "UIInterfaceOrientationPortrait UIInterfaceOrientationLandscapeLeft UIInterfaceOrientationLandscapeRight";
				IPHONEOS_DEPLOYMENT_TARGET = 12.0;
				LD_RUNPATH_SEARCH_PATHS = (
					"$(inherited)",
					"@executable_path/Frameworks",
				);
				MARKETING_VERSION = 1.0;
				PRODUCT_BUNDLE_IDENTIFIER = com.MultipleModule;
				PRODUCT_NAME = "$(TARGET_NAME)";
				SWIFT_EMIT_LOC_STRINGS = YES;
				SWIFT_VERSION = 5.0;
				TARGETED_DEVICE_FAMILY = "1,2";
			};
			name = Release;
		};
		A0D3EFD62D5B93770043F8D9 /* Debug */ = {
			isa = XCBuildConfiguration;
			buildSettings = {
				ALWAYS_SEARCH_USER_PATHS = NO;
				ASSETCATALOG_COMPILER_GENERATE_SWIFT_ASSET_SYMBOL_EXTENSIONS = YES;
				CLANG_ANALYZER_NONNULL = YES;
				CLANG_ANALYZER_NUMBER_OBJECT_CONVERSION = YES_AGGRESSIVE;
				CLANG_CXX_LANGUAGE_STANDARD = "gnu++20";
				CLANG_ENABLE_MODULES = YES;
				CLANG_ENABLE_OBJC_ARC = YES;
				CLANG_ENABLE_OBJC_WEAK = YES;
				CLANG_WARN_BLOCK_CAPTURE_AUTORELEASING = YES;
				CLANG_WARN_BOOL_CONVERSION = YES;
				CLANG_WARN_COMMA = YES;
				CLANG_WARN_CONSTANT_CONVERSION = YES;
				CLANG_WARN_DEPRECATED_OBJC_IMPLEMENTATIONS = YES;
				CLANG_WARN_DIRECT_OBJC_ISA_USAGE = YES_ERROR;
				CLANG_WARN_DOCUMENTATION_COMMENTS = YES;
				CLANG_WARN_EMPTY_BODY = YES;
				CLANG_WARN_ENUM_CONVERSION = YES;
				CLANG_WARN_INFINITE_RECURSION = YES;
				CLANG_WARN_INT_CONVERSION = YES;
				CLANG_WARN_NON_LITERAL_NULL_CONVERSION = YES;
				CLANG_WARN_OBJC_IMPLICIT_RETAIN_SELF = YES;
				CLANG_WARN_OBJC_LITERAL_CONVERSION = YES;
				CLANG_WARN_OBJC_ROOT_CLASS = YES_ERROR;
				CLANG_WARN_QUOTED_INCLUDE_IN_FRAMEWORK_HEADER = YES;
				CLANG_WARN_RANGE_LOOP_ANALYSIS = YES;
				CLANG_WARN_STRICT_PROTOTYPES = YES;
				CLANG_WARN_SUSPICIOUS_MOVE = YES;
				CLANG_WARN_UNGUARDED_AVAILABILITY = YES_AGGRESSIVE;
				CLANG_WARN_UNREACHABLE_CODE = YES;
				CLANG_WARN__DUPLICATE_METHOD_MATCH = YES;
				COPY_PHASE_STRIP = NO;
				DEBUG_INFORMATION_FORMAT = dwarf;
				ENABLE_STRICT_OBJC_MSGSEND = YES;
				ENABLE_TESTABILITY = YES;
				ENABLE_USER_SCRIPT_SANDBOXING = YES;
				GCC_C_LANGUAGE_STANDARD = gnu17;
				GCC_DYNAMIC_NO_PIC = NO;
				GCC_NO_COMMON_BLOCKS = YES;
				GCC_OPTIMIZATION_LEVEL = 0;
				GCC_PREPROCESSOR_DEFINITIONS = (
					"DEBUG=1",
					"$(inherited)",
				);
				GCC_WARN_64_TO_32_BIT_CONVERSION = YES;
				GCC_WARN_ABOUT_RETURN_TYPE = YES_ERROR;
				GCC_WARN_UNDECLARED_SELECTOR = YES;
				GCC_WARN_UNINITIALIZED_AUTOS = YES_AGGRESSIVE;
				GCC_WARN_UNUSED_FUNCTION = YES;
				GCC_WARN_UNUSED_VARIABLE = YES;
				IPHONEOS_DEPLOYMENT_TARGET = 18.2;
				LOCALIZATION_PREFERS_STRING_CATALOGS = YES;
				MTL_ENABLE_DEBUG_INFO = INCLUDE_SOURCE;
				MTL_FAST_MATH = YES;
				ONLY_ACTIVE_ARCH = YES;
				SDKROOT = iphoneos;
				SWIFT_ACTIVE_COMPILATION_CONDITIONS = "DEBUG $(inherited)";
				SWIFT_OPTIMIZATION_LEVEL = "-Onone";
			};
			name = Debug;
		};
		A0D3EFD72D5B93770043F8D9 /* Release */ = {
			isa = XCBuildConfiguration;
			buildSettings = {
				ALWAYS_SEARCH_USER_PATHS = NO;
				ASSETCATALOG_COMPILER_GENERATE_SWIFT_ASSET_SYMBOL_EXTENSIONS = YES;
				CLANG_ANALYZER_NONNULL = YES;
				CLANG_ANALYZER_NUMBER_OBJECT_CONVERSION = YES_AGGRESSIVE;
				CLANG_CXX_LANGUAGE_STANDARD = "gnu++20";
				CLANG_ENABLE_MODULES = YES;
				CLANG_ENABLE_OBJC_ARC = YES;
				CLANG_ENABLE_OBJC_WEAK = YES;
				CLANG_WARN_BLOCK_CAPTURE_AUTORELEASING = YES;
				CLANG_WARN_BOOL_CONVERSION = YES;
				CLANG_WARN_COMMA = YES;
				CLANG_WARN_CONSTANT_CONVERSION = YES;
				CLANG_WARN_DEPRECATED_OBJC_IMPLEMENTATIONS = YES;
				CLANG_WARN_DIRECT_OBJC_ISA_USAGE = YES_ERROR;
				CLANG_WARN_DOCUMENTATION_COMMENTS = YES;
				CLANG_WARN_EMPTY_BODY = YES;
				CLANG_WARN_ENUM_CONVERSION = YES;
				CLANG_WARN_INFINITE_RECURSION = YES;
				CLANG_WARN_INT_CONVERSION = YES;
				CLANG_WARN_NON_LITERAL_NULL_CONVERSION = YES;
				CLANG_WARN_OBJC_IMPLICIT_RETAIN_SELF = YES;
				CLANG_WARN_OBJC_LITERAL_CONVERSION = YES;
				CLANG_WARN_OBJC_ROOT_CLASS = YES_ERROR;
				CLANG_WARN_QUOTED_INCLUDE_IN_FRAMEWORK_HEADER = YES;
				CLANG_WARN_RANGE_LOOP_ANALYSIS = YES;
				CLANG_WARN_STRICT_PROTOTYPES = YES;
				CLANG_WARN_SUSPICIOUS_MOVE = YES;
				CLANG_WARN_UNGUARDED_AVAILABILITY = YES_AGGRESSIVE;
				CLANG_WARN_UNREACHABLE_CODE = YES;
				CLANG_WARN__DUPLICATE_METHOD_MATCH = YES;
				COPY_PHASE_STRIP = NO;
				DEBUG_INFORMATION_FORMAT = "dwarf-with-dsym";
				ENABLE_NS_ASSERTIONS = NO;
				ENABLE_STRICT_OBJC_MSGSEND = YES;
				ENABLE_USER_SCRIPT_SANDBOXING = YES;
				GCC_C_LANGUAGE_STANDARD = gnu17;
				GCC_NO_COMMON_BLOCKS = YES;
				GCC_WARN_64_TO_32_BIT_CONVERSION = YES;
				GCC_WARN_ABOUT_RETURN_TYPE = YES_ERROR;
				GCC_WARN_UNDECLARED_SELECTOR = YES;
				GCC_WARN_UNINITIALIZED_AUTOS = YES_AGGRESSIVE;
				GCC_WARN_UNUSED_FUNCTION = YES;
				GCC_WARN_UNUSED_VARIABLE = YES;
				IPHONEOS_DEPLOYMENT_TARGET = 18.2;
				LOCALIZATION_PREFERS_STRING_CATALOGS = YES;
				MTL_ENABLE_DEBUG_INFO = NO;
				MTL_FAST_MATH = YES;
				SDKROOT = iphoneos;
				SWIFT_COMPILATION_MODE = wholemodule;
				VALIDATE_PRODUCT = YES;
			};
			name = Release;
		};
/* End XCBuildConfiguration section */

/* Begin XCConfigurationList section */
		A05164E12D6C146B003515FB /* Build configuration list for PBXNativeTarget "MultipleModuleTests" */ = {
			isa = XCConfigurationList;
			buildConfigurations = (
				A05164E22D6C146B003515FB /* Debug */,
				A05164E32D6C146B003515FB /* Release */,
			);
			defaultConfigurationIsVisible = 0;
			defaultConfigurationName = Release;
		};
		A05164EE2D6C14F1003515FB /* Build configuration list for PBXNativeTarget "MultipleModuleXCTests" */ = {
			isa = XCConfigurationList;
			buildConfigurations = (
				A05164EF2D6C14F1003515FB /* Debug */,
				A05164F02D6C14F1003515FB /* Release */,
			);
			defaultConfigurationIsVisible = 0;
			defaultConfigurationName = Release;
		};
		A0D3EFBB2D5B93750043F8D9 /* Build configuration list for PBXProject "MultipleModule" */ = {
			isa = XCConfigurationList;
			buildConfigurations = (
				A0D3EFD62D5B93770043F8D9 /* Debug */,
				A0D3EFD72D5B93770043F8D9 /* Release */,
			);
			defaultConfigurationIsVisible = 0;
			defaultConfigurationName = Release;
		};
		A0D3EFD32D5B93770043F8D9 /* Build configuration list for PBXNativeTarget "MultipleModule" */ = {
			isa = XCConfigurationList;
			buildConfigurations = (
				A0D3EFD42D5B93770043F8D9 /* Debug */,
				A0D3EFD52D5B93770043F8D9 /* Release */,
			);
			defaultConfigurationIsVisible = 0;
			defaultConfigurationName = Release;
		};
/* End XCConfigurationList section */
	};
	rootObject = A0D3EFB82D5B93750043F8D9 /* Project object */;
}
